{
  "name": "MySite",
  "lockfileVersion": 2,
  "requires": true,
  "packages": {
    "": {
      "dependencies": {
        "highlight.js": "^10.1.1"
      }
    },
    "node_modules/highlight.js": {
      "version": "10.1.1",
      "resolved": "https://registry.npmjs.org/highlight.js/-/highlight.js-10.1.1.tgz",
      "integrity": "sha512-b4L09127uVa+9vkMgPpdUQP78ickGbHEQTWeBrQFTJZ4/n2aihWOGS0ZoUqAwjVmfjhq/C76HRzkqwZhK4sBbg==",
      "engines": {
        "node": "*"
      }
    }
  },
  "dependencies": {
    "highlight.js": {
      "version": "10.1.1",
      "resolved": "https://registry.npmjs.org/highlight.js/-/highlight.js-10.1.1.tgz",
      "integrity": "sha512-b4L09127uVa+9vkMgPpdUQP78ickGbHEQTWeBrQFTJZ4/n2aihWOGS0ZoUqAwjVmfjhq/C76HRzkqwZhK4sBbg=="
    }
  }
}
